
Microsoft Visual Studio Solution File, Format Version 12.00
# Visual Studio Version 16
VisualStudioVersion = 16.0.32228.343
MinimumVisualStudioVersion = 10.0.40219.1
Project("{2150E333-8FDC-42A3-9474-1A3956D46DE8}") = "services", "services", "{99A7C95B-E2EB-4EFC-B920-5E2B23C6616F}"
EndProject
Project("{2150E333-8FDC-42A3-9474-1A3956D46DE8}") = "Catalog", "Catalog", "{A02DA57E-5AEB-4A4B-BAD1-F4715DEC4697}"
EndProject
Project("{9A19103F-16F7-4668-BE54-9A1E7A4F7556}") = "Catalog.Api", "services\Catalog\Catalog.Api\Catalog.Api.csproj", "{52ECFB85-773D-400E-8C65-6233D5D77A7E}"
EndProject
Project("{E53339B2-1760-4266-BCC7-CA923CBCF16C}") = "docker-compose", "docker-compose.dcproj", "{73721056-47B6-4181-ABA7-B070ACBFD0EC}"
EndProject
Project("{2150E333-8FDC-42A3-9474-1A3956D46DE8}") = "Order", "Order", "{07EA21F7-155A-41F8-84B0-40A499C137F5}"
EndProject
Project("{FAE04EC0-301F-11D3-BF4B-00C04F79EFBC}") = "Ordering.API", "..\services\Order\Ordering.API\Ordering.API.csproj", "{E81550DF-0446-4407-87AC-9D819E674E4D}"
EndProject
Global
	GlobalSection(SolutionConfigurationPlatforms) = preSolution
		Debug|Any CPU = Debug|Any CPU
		Release|Any CPU = Release|Any CPU
	EndGlobalSection
	GlobalSection(ProjectConfigurationPlatforms) = postSolution
		{52ECFB85-773D-400E-8C65-6233D5D77A7E}.Debug|Any CPU.ActiveCfg = Debug|Any CPU
		{52ECFB85-773D-400E-8C65-6233D5D77A7E}.Debug|Any CPU.Build.0 = Debug|Any CPU
		{52ECFB85-773D-400E-8C65-6233D5D77A7E}.Release|Any CPU.ActiveCfg = Release|Any CPU
		{52ECFB85-773D-400E-8C65-6233D5D77A7E}.Release|Any CPU.Build.0 = Release|Any CPU
		{73721056-47B6-4181-ABA7-B070ACBFD0EC}.Debug|Any CPU.ActiveCfg = Debug|Any CPU
		{73721056-47B6-4181-ABA7-B070ACBFD0EC}.Debug|Any CPU.Build.0 = Debug|Any CPU
		{73721056-47B6-4181-ABA7-B070ACBFD0EC}.Release|Any CPU.ActiveCfg = Release|Any CPU
		{73721056-47B6-4181-ABA7-B070ACBFD0EC}.Release|Any CPU.Build.0 = Release|Any CPU
		{E81550DF-0446-4407-87AC-9D819E674E4D}.Debug|Any CPU.ActiveCfg = Debug|Any CPU
		{E81550DF-0446-4407-87AC-9D819E674E4D}.Debug|Any CPU.Build.0 = Debug|Any CPU
		{E81550DF-0446-4407-87AC-9D819E674E4D}.Release|Any CPU.ActiveCfg = Release|Any CPU
		{E81550DF-0446-4407-87AC-9D819E674E4D}.Release|Any CPU.Build.0 = Release|Any CPU
	EndGlobalSection
	GlobalSection(SolutionProperties) = preSolution
		HideSolutionNode = FALSE
	EndGlobalSection
	GlobalSection(NestedProjects) = preSolution
		{A02DA57E-5AEB-4A4B-BAD1-F4715DEC4697} = {99A7C95B-E2EB-4EFC-B920-5E2B23C6616F}
		{52ECFB85-773D-400E-8C65-6233D5D77A7E} = {A02DA57E-5AEB-4A4B-BAD1-F4715DEC4697}
		{07EA21F7-155A-41F8-84B0-40A499C137F5} = {99A7C95B-E2EB-4EFC-B920-5E2B23C6616F}
		{E81550DF-0446-4407-87AC-9D819E674E4D} = {07EA21F7-155A-41F8-84B0-40A499C137F5}
	EndGlobalSection
	GlobalSection(ExtensibilityGlobals) = postSolution
		SolutionGuid = {CC83DFAF-0C4C-47B0-955E-626E467D0F20}
	EndGlobalSection
EndGlobal
